
Microsoft Visual Studio Solution File, Format Version 12.00
# Visual Studio Version 17
VisualStudioVersion = 17.10.34916.146
MinimumVisualStudioVersion = 10.0.40219.1
Project("{FAE04EC0-301F-11D3-BF4B-00C04F79EFBC}") = "arraysmultidimensional", "arraysmultidimensional\arraysmultidimensional.csproj", "{D0C5F261-DB0E-4126-B134-9913E801D52F}"
EndProject
Global
	GlobalSection(SolutionConfigurationPlatforms) = preSolution
		Debug|Any CPU = Debug|Any CPU
		Release|Any CPU = Release|Any CPU
	EndGlobalSection
	GlobalSection(ProjectConfigurationPlatforms) = postSolution
		{D0C5F261-DB0E-4126-B134-9913E801D52F}.Debug|Any CPU.ActiveCfg = Debug|Any CPU
		{D0C5F261-DB0E-4126-B134-9913E801D52F}.Debug|Any CPU.Build.0 = Debug|Any CPU
		{D0C5F261-DB0E-4126-B134-9913E801D52F}.Release|Any CPU.ActiveCfg = Release|Any CPU
		{D0C5F261-DB0E-4126-B134-9913E801D52F}.Release|Any CPU.Build.0 = Release|Any CPU
	EndGlobalSection
	GlobalSection(SolutionProperties) = preSolution
		HideSolutionNode = FALSE
	EndGlobalSection
	GlobalSection(ExtensibilityGlobals) = postSolution
		SolutionGuid = {79AB6F16-9DFE-4DC2-AA31-97F194FBC23D}
	EndGlobalSection
EndGlobal
